
Microsoft Visual Studio Solution File, Format Version 12.00
# Visual Studio Version 17
VisualStudioVersion = 17.10.35122.118
MinimumVisualStudioVersion = 10.0.40219.1
Project("{2150E333-8FDC-42A3-9474-1A3956D46DE8}") = "services", "services", "{9B2DF1A5-EF71-4D91-9602-A6308ADC3590}"
EndProject
Project("{9A19103F-16F7-4668-BE54-9A1E7A4F7556}") = "Catalog.API", "Catalog.API\Catalog.API.csproj", "{693CAA4C-285E-4D35-9D81-C24B09D74658}"
EndProject
Project("{9A19103F-16F7-4668-BE54-9A1E7A4F7556}") = "Basket.API", "Basket.API\Basket.API.csproj", "{38829054-6302-47EC-BCA0-42CC097F2F66}"
EndProject
Project("{9A19103F-16F7-4668-BE54-9A1E7A4F7556}") = "Discount.API", "Discount.API\Discount.API.csproj", "{E5CD1A9A-082F-4D93-A565-CE1900C76FEC}"
EndProject
Project("{9A19103F-16F7-4668-BE54-9A1E7A4F7556}") = "Discount.Grpc", "Discount.Grpc\Discount.Grpc.csproj", "{195764D0-7775-48D3-AB85-6AA3F2273CCB}"
EndProject
Project("{9A19103F-16F7-4668-BE54-9A1E7A4F7556}") = "Discount_gRPC", "Discount_gRPC\Discount_gRPC.csproj", "{D528B0B9-35A1-4631-A97C-ABC18AF4B7FB}"
EndProject
Project("{2150E333-8FDC-42A3-9474-1A3956D46DE8}") = "Ordering", "Ordering", "{BF3AF245-9733-4982-B5A8-995942A7ACAD}"
EndProject
Project("{9A19103F-16F7-4668-BE54-9A1E7A4F7556}") = "Ordering.API", "Ordering\WebApplication1\Ordering.API.csproj", "{CD9C4F21-A061-4EC0-9D19-D1A533EFD812}"
EndProject
Project("{9A19103F-16F7-4668-BE54-9A1E7A4F7556}") = "Ordering.Domain", "Ordering\Ordering.Domain\Ordering.Domain.csproj", "{C1D97A41-6AB3-41CF-9C34-695273F8BCC3}"
EndProject
Project("{9A19103F-16F7-4668-BE54-9A1E7A4F7556}") = "Ordering.Application", "Ordering\Ordering.Application\Ordering.Application.csproj", "{FDE9E41E-2328-4CED-97D6-5112B68FA2DA}"
EndProject
Project("{9A19103F-16F7-4668-BE54-9A1E7A4F7556}") = "Ordering.Infrastructure", "Ordering\Ordering.Infrastructure\Ordering.Infrastructure.csproj", "{815918BE-AEDE-4135-B3AF-315993091A76}"
EndProject
Project("{2150E333-8FDC-42A3-9474-1A3956D46DE8}") = "BuildingBlocks", "BuildingBlocks", "{214DDDBF-8DF9-413D-853E-F0C2346DCA15}"
EndProject
Project("{9A19103F-16F7-4668-BE54-9A1E7A4F7556}") = "EventBus.Message", "BuildingBlocks\EventBus.Message\EventBus.Message.csproj", "{DE268356-1C60-4886-B6B7-C90D3A1373D9}"
EndProject
Global
	GlobalSection(SolutionConfigurationPlatforms) = preSolution
		Debug|Any CPU = Debug|Any CPU
		Release|Any CPU = Release|Any CPU
	EndGlobalSection
	GlobalSection(ProjectConfigurationPlatforms) = postSolution
		{693CAA4C-285E-4D35-9D81-C24B09D74658}.Debug|Any CPU.ActiveCfg = Debug|Any CPU
		{693CAA4C-285E-4D35-9D81-C24B09D74658}.Debug|Any CPU.Build.0 = Debug|Any CPU
		{693CAA4C-285E-4D35-9D81-C24B09D74658}.Release|Any CPU.ActiveCfg = Release|Any CPU
		{693CAA4C-285E-4D35-9D81-C24B09D74658}.Release|Any CPU.Build.0 = Release|Any CPU
		{38829054-6302-47EC-BCA0-42CC097F2F66}.Debug|Any CPU.ActiveCfg = Debug|Any CPU
		{38829054-6302-47EC-BCA0-42CC097F2F66}.Debug|Any CPU.Build.0 = Debug|Any CPU
		{38829054-6302-47EC-BCA0-42CC097F2F66}.Release|Any CPU.ActiveCfg = Release|Any CPU
		{38829054-6302-47EC-BCA0-42CC097F2F66}.Release|Any CPU.Build.0 = Release|Any CPU
		{E5CD1A9A-082F-4D93-A565-CE1900C76FEC}.Debug|Any CPU.ActiveCfg = Debug|Any CPU
		{E5CD1A9A-082F-4D93-A565-CE1900C76FEC}.Debug|Any CPU.Build.0 = Debug|Any CPU
		{E5CD1A9A-082F-4D93-A565-CE1900C76FEC}.Release|Any CPU.ActiveCfg = Release|Any CPU
		{E5CD1A9A-082F-4D93-A565-CE1900C76FEC}.Release|Any CPU.Build.0 = Release|Any CPU
		{195764D0-7775-48D3-AB85-6AA3F2273CCB}.Debug|Any CPU.ActiveCfg = Debug|Any CPU
		{195764D0-7775-48D3-AB85-6AA3F2273CCB}.Debug|Any CPU.Build.0 = Debug|Any CPU
		{195764D0-7775-48D3-AB85-6AA3F2273CCB}.Release|Any CPU.ActiveCfg = Release|Any CPU
		{195764D0-7775-48D3-AB85-6AA3F2273CCB}.Release|Any CPU.Build.0 = Release|Any CPU
		{D528B0B9-35A1-4631-A97C-ABC18AF4B7FB}.Debug|Any CPU.ActiveCfg = Debug|Any CPU
		{D528B0B9-35A1-4631-A97C-ABC18AF4B7FB}.Debug|Any CPU.Build.0 = Debug|Any CPU
		{D528B0B9-35A1-4631-A97C-ABC18AF4B7FB}.Release|Any CPU.ActiveCfg = Release|Any CPU
		{D528B0B9-35A1-4631-A97C-ABC18AF4B7FB}.Release|Any CPU.Build.0 = Release|Any CPU
		{CD9C4F21-A061-4EC0-9D19-D1A533EFD812}.Debug|Any CPU.ActiveCfg = Debug|Any CPU
		{CD9C4F21-A061-4EC0-9D19-D1A533EFD812}.Debug|Any CPU.Build.0 = Debug|Any CPU
		{CD9C4F21-A061-4EC0-9D19-D1A533EFD812}.Release|Any CPU.ActiveCfg = Release|Any CPU
		{CD9C4F21-A061-4EC0-9D19-D1A533EFD812}.Release|Any CPU.Build.0 = Release|Any CPU
		{C1D97A41-6AB3-41CF-9C34-695273F8BCC3}.Debug|Any CPU.ActiveCfg = Debug|Any CPU
		{C1D97A41-6AB3-41CF-9C34-695273F8BCC3}.Debug|Any CPU.Build.0 = Debug|Any CPU
		{C1D97A41-6AB3-41CF-9C34-695273F8BCC3}.Release|Any CPU.ActiveCfg = Release|Any CPU
		{C1D97A41-6AB3-41CF-9C34-695273F8BCC3}.Release|Any CPU.Build.0 = Release|Any CPU
		{FDE9E41E-2328-4CED-97D6-5112B68FA2DA}.Debug|Any CPU.ActiveCfg = Debug|Any CPU
		{FDE9E41E-2328-4CED-97D6-5112B68FA2DA}.Debug|Any CPU.Build.0 = Debug|Any CPU
		{FDE9E41E-2328-4CED-97D6-5112B68FA2DA}.Release|Any CPU.ActiveCfg = Release|Any CPU
		{FDE9E41E-2328-4CED-97D6-5112B68FA2DA}.Release|Any CPU.Build.0 = Release|Any CPU
		{815918BE-AEDE-4135-B3AF-315993091A76}.Debug|Any CPU.ActiveCfg = Debug|Any CPU
		{815918BE-AEDE-4135-B3AF-315993091A76}.Debug|Any CPU.Build.0 = Debug|Any CPU
		{815918BE-AEDE-4135-B3AF-315993091A76}.Release|Any CPU.ActiveCfg = Release|Any CPU
		{815918BE-AEDE-4135-B3AF-315993091A76}.Release|Any CPU.Build.0 = Release|Any CPU
		{DE268356-1C60-4886-B6B7-C90D3A1373D9}.Debug|Any CPU.ActiveCfg = Debug|Any CPU
		{DE268356-1C60-4886-B6B7-C90D3A1373D9}.Debug|Any CPU.Build.0 = Debug|Any CPU
		{DE268356-1C60-4886-B6B7-C90D3A1373D9}.Release|Any CPU.ActiveCfg = Release|Any CPU
		{DE268356-1C60-4886-B6B7-C90D3A1373D9}.Release|Any CPU.Build.0 = Release|Any CPU
	EndGlobalSection
	GlobalSection(SolutionProperties) = preSolution
		HideSolutionNode = FALSE
	EndGlobalSection
	GlobalSection(NestedProjects) = preSolution
		{693CAA4C-285E-4D35-9D81-C24B09D74658} = {9B2DF1A5-EF71-4D91-9602-A6308ADC3590}
		{38829054-6302-47EC-BCA0-42CC097F2F66} = {9B2DF1A5-EF71-4D91-9602-A6308ADC3590}
		{E5CD1A9A-082F-4D93-A565-CE1900C76FEC} = {9B2DF1A5-EF71-4D91-9602-A6308ADC3590}
		{195764D0-7775-48D3-AB85-6AA3F2273CCB} = {9B2DF1A5-EF71-4D91-9602-A6308ADC3590}
		{D528B0B9-35A1-4631-A97C-ABC18AF4B7FB} = {9B2DF1A5-EF71-4D91-9602-A6308ADC3590}
		{BF3AF245-9733-4982-B5A8-995942A7ACAD} = {9B2DF1A5-EF71-4D91-9602-A6308ADC3590}
		{CD9C4F21-A061-4EC0-9D19-D1A533EFD812} = {BF3AF245-9733-4982-B5A8-995942A7ACAD}
		{C1D97A41-6AB3-41CF-9C34-695273F8BCC3} = {BF3AF245-9733-4982-B5A8-995942A7ACAD}
		{FDE9E41E-2328-4CED-97D6-5112B68FA2DA} = {BF3AF245-9733-4982-B5A8-995942A7ACAD}
		{815918BE-AEDE-4135-B3AF-315993091A76} = {BF3AF245-9733-4982-B5A8-995942A7ACAD}
		{DE268356-1C60-4886-B6B7-C90D3A1373D9} = {214DDDBF-8DF9-413D-853E-F0C2346DCA15}
	EndGlobalSection
	GlobalSection(ExtensibilityGlobals) = postSolution
		SolutionGuid = {AFB8C2BD-9A5B-4ABC-835F-D6B5033AED80}
	EndGlobalSection
EndGlobal
